
Microsoft Visual Studio Solution File, Format Version 12.00
# Visual Studio Version 17
VisualStudioVersion = 17.4.33205.214
MinimumVisualStudioVersion = 10.0.40219.1
Project("{2150E333-8FDC-42A3-9474-1A3956D46DE8}") = "FrontEnd", "FrontEnd", "{D61DE459-5B4E-4E8E-BC18-3695C622AB75}"
EndProject
Project("{2150E333-8FDC-42A3-9474-1A3956D46DE8}") = "APIGateway", "APIGateway", "{1D888D05-9CBF-49FF-813B-8F9AD9AF5E20}"
EndProject
Project("{2150E333-8FDC-42A3-9474-1A3956D46DE8}") = "Integration", "Integration", "{9F540451-E21D-4FCB-9322-52F3D680EEAA}"
EndProject
Project("{2150E333-8FDC-42A3-9474-1A3956D46DE8}") = "Services", "Services", "{2C71E36D-809B-4460-B9BE-FE1E4F8F7480}"
EndProject
Project("{FAE04EC0-301F-11D3-BF4B-00C04F79EFBC}") = "DreamWedds.Services.TemplatesAPI", "DreamWedds.Services.TemplatesAPI\DreamWedds.Services.TemplatesAPI.csproj", "{11CDE9CA-C397-4E3D-984F-39589742E9EA}"
EndProject
Project("{2150E333-8FDC-42A3-9474-1A3956D46DE8}") = "Templates", "Templates", "{529B739E-32BC-4F1B-B2F0-33DE3DDD7DCC}"
EndProject
Project("{2150E333-8FDC-42A3-9474-1A3956D46DE8}") = "Authentication", "Authentication", "{76106DF3-8DD5-47BA-B795-4AABA43C9FF6}"
EndProject
Project("{2150E333-8FDC-42A3-9474-1A3956D46DE8}") = "Orders", "Orders", "{83A394EA-BD60-4608-8080-08E87BF41F8F}"
EndProject
Project("{2150E333-8FDC-42A3-9474-1A3956D46DE8}") = "Coupons", "Coupons", "{785BA399-AB38-44CB-AB4E-E74F96FFB9AC}"
EndProject
Project("{2150E333-8FDC-42A3-9474-1A3956D46DE8}") = "WeddingWebsites", "WeddingWebsites", "{B6098AB5-0B2F-4361-B232-D8ABD949F09F}"
EndProject
Project("{FAE04EC0-301F-11D3-BF4B-00C04F79EFBC}") = "DreamWedds.Services.AuthAPI", "DreamWedds.Services.AuthAPI\DreamWedds.Services.AuthAPI.csproj", "{65F40069-B1FC-4A83-875C-90974F4D744D}"
EndProject
Project("{FAE04EC0-301F-11D3-BF4B-00C04F79EFBC}") = "DreamWedds.MessageBus", "DreamWedds.MessageBus\DreamWedds.MessageBus.csproj", "{FD9407E4-6CAA-4A65-9506-6B1F43FB4FDB}"
EndProject
Project("{FAE04EC0-301F-11D3-BF4B-00C04F79EFBC}") = "DreamWedds.Services.OrderAPI", "DreamWedds.Services.OrderAPI\DreamWedds.Services.OrderAPI.csproj", "{3BE276C5-E0EE-4744-8E25-6FC37E182B89}"
EndProject
Project("{FAE04EC0-301F-11D3-BF4B-00C04F79EFBC}") = "DreamWedds.Services.CouponAPI", "Mango.Services.CouponAPI\DreamWedds.Services.CouponAPI.csproj", "{2B713075-4A0E-43CF-8C55-F9C9E56855F2}"
EndProject
Global
	GlobalSection(SolutionConfigurationPlatforms) = preSolution
		Debug|Any CPU = Debug|Any CPU
		Release|Any CPU = Release|Any CPU
	EndGlobalSection
	GlobalSection(ProjectConfigurationPlatforms) = postSolution
		{11CDE9CA-C397-4E3D-984F-39589742E9EA}.Debug|Any CPU.ActiveCfg = Debug|Any CPU
		{11CDE9CA-C397-4E3D-984F-39589742E9EA}.Debug|Any CPU.Build.0 = Debug|Any CPU
		{11CDE9CA-C397-4E3D-984F-39589742E9EA}.Release|Any CPU.ActiveCfg = Release|Any CPU
		{11CDE9CA-C397-4E3D-984F-39589742E9EA}.Release|Any CPU.Build.0 = Release|Any CPU
		{65F40069-B1FC-4A83-875C-90974F4D744D}.Debug|Any CPU.ActiveCfg = Debug|Any CPU
		{65F40069-B1FC-4A83-875C-90974F4D744D}.Debug|Any CPU.Build.0 = Debug|Any CPU
		{65F40069-B1FC-4A83-875C-90974F4D744D}.Release|Any CPU.ActiveCfg = Release|Any CPU
		{65F40069-B1FC-4A83-875C-90974F4D744D}.Release|Any CPU.Build.0 = Release|Any CPU
		{FD9407E4-6CAA-4A65-9506-6B1F43FB4FDB}.Debug|Any CPU.ActiveCfg = Debug|Any CPU
		{FD9407E4-6CAA-4A65-9506-6B1F43FB4FDB}.Debug|Any CPU.Build.0 = Debug|Any CPU
		{FD9407E4-6CAA-4A65-9506-6B1F43FB4FDB}.Release|Any CPU.ActiveCfg = Release|Any CPU
		{FD9407E4-6CAA-4A65-9506-6B1F43FB4FDB}.Release|Any CPU.Build.0 = Release|Any CPU
		{3BE276C5-E0EE-4744-8E25-6FC37E182B89}.Debug|Any CPU.ActiveCfg = Debug|Any CPU
		{3BE276C5-E0EE-4744-8E25-6FC37E182B89}.Debug|Any CPU.Build.0 = Debug|Any CPU
		{3BE276C5-E0EE-4744-8E25-6FC37E182B89}.Release|Any CPU.ActiveCfg = Release|Any CPU
		{3BE276C5-E0EE-4744-8E25-6FC37E182B89}.Release|Any CPU.Build.0 = Release|Any CPU
		{2B713075-4A0E-43CF-8C55-F9C9E56855F2}.Debug|Any CPU.ActiveCfg = Debug|Any CPU
		{2B713075-4A0E-43CF-8C55-F9C9E56855F2}.Debug|Any CPU.Build.0 = Debug|Any CPU
		{2B713075-4A0E-43CF-8C55-F9C9E56855F2}.Release|Any CPU.ActiveCfg = Release|Any CPU
		{2B713075-4A0E-43CF-8C55-F9C9E56855F2}.Release|Any CPU.Build.0 = Release|Any CPU
	EndGlobalSection
	GlobalSection(SolutionProperties) = preSolution
		HideSolutionNode = FALSE
	EndGlobalSection
	GlobalSection(NestedProjects) = preSolution
		{11CDE9CA-C397-4E3D-984F-39589742E9EA} = {529B739E-32BC-4F1B-B2F0-33DE3DDD7DCC}
		{529B739E-32BC-4F1B-B2F0-33DE3DDD7DCC} = {2C71E36D-809B-4460-B9BE-FE1E4F8F7480}
		{76106DF3-8DD5-47BA-B795-4AABA43C9FF6} = {2C71E36D-809B-4460-B9BE-FE1E4F8F7480}
		{83A394EA-BD60-4608-8080-08E87BF41F8F} = {2C71E36D-809B-4460-B9BE-FE1E4F8F7480}
		{785BA399-AB38-44CB-AB4E-E74F96FFB9AC} = {2C71E36D-809B-4460-B9BE-FE1E4F8F7480}
		{B6098AB5-0B2F-4361-B232-D8ABD949F09F} = {2C71E36D-809B-4460-B9BE-FE1E4F8F7480}
		{65F40069-B1FC-4A83-875C-90974F4D744D} = {76106DF3-8DD5-47BA-B795-4AABA43C9FF6}
		{FD9407E4-6CAA-4A65-9506-6B1F43FB4FDB} = {9F540451-E21D-4FCB-9322-52F3D680EEAA}
		{3BE276C5-E0EE-4744-8E25-6FC37E182B89} = {83A394EA-BD60-4608-8080-08E87BF41F8F}
		{2B713075-4A0E-43CF-8C55-F9C9E56855F2} = {785BA399-AB38-44CB-AB4E-E74F96FFB9AC}
	EndGlobalSection
	GlobalSection(ExtensibilityGlobals) = postSolution
		SolutionGuid = {E54C99FE-1F84-45F2-835C-57CD5C81F3B6}
	EndGlobalSection
EndGlobal
