
Microsoft Visual Studio Solution File, Format Version 12.00
# Visual Studio Version 17
VisualStudioVersion = 17.4.33205.214
MinimumVisualStudioVersion = 10.0.40219.1
Project("{2150E333-8FDC-42A3-9474-1A3956D46DE8}") = "FrontEnd", "FrontEnd", "{D61DE459-5B4E-4E8E-BC18-3695C622AB75}"
EndProject
Project("{2150E333-8FDC-42A3-9474-1A3956D46DE8}") = "APIGateway", "APIGateway", "{1D888D05-9CBF-49FF-813B-8F9AD9AF5E20}"
EndProject
Project("{2150E333-8FDC-42A3-9474-1A3956D46DE8}") = "Integration", "Integration", "{9F540451-E21D-4FCB-9322-52F3D680EEAA}"
EndProject
Project("{2150E333-8FDC-42A3-9474-1A3956D46DE8}") = "Services", "Services", "{2C71E36D-809B-4460-B9BE-FE1E4F8F7480}"
EndProject
Project("{FAE04EC0-301F-11D3-BF4B-00C04F79EFBC}") = "DreamWedds.Services.TemplatesAPI", "DreamWedds.Services.TemplatesAPI\DreamWedds.Services.TemplatesAPI.csproj", "{11CDE9CA-C397-4E3D-984F-39589742E9EA}"
EndProject
Global
	GlobalSection(SolutionConfigurationPlatforms) = preSolution
		Debug|Any CPU = Debug|Any CPU
		Release|Any CPU = Release|Any CPU
	EndGlobalSection
	GlobalSection(ProjectConfigurationPlatforms) = postSolution
		{11CDE9CA-C397-4E3D-984F-39589742E9EA}.Debug|Any CPU.ActiveCfg = Debug|Any CPU
		{11CDE9CA-C397-4E3D-984F-39589742E9EA}.Debug|Any CPU.Build.0 = Debug|Any CPU
		{11CDE9CA-C397-4E3D-984F-39589742E9EA}.Release|Any CPU.ActiveCfg = Release|Any CPU
		{11CDE9CA-C397-4E3D-984F-39589742E9EA}.Release|Any CPU.Build.0 = Release|Any CPU
	EndGlobalSection
	GlobalSection(SolutionProperties) = preSolution
		HideSolutionNode = FALSE
	EndGlobalSection
	GlobalSection(NestedProjects) = preSolution
		{11CDE9CA-C397-4E3D-984F-39589742E9EA} = {2C71E36D-809B-4460-B9BE-FE1E4F8F7480}
	EndGlobalSection
	GlobalSection(ExtensibilityGlobals) = postSolution
		SolutionGuid = {E54C99FE-1F84-45F2-835C-57CD5C81F3B6}
	EndGlobalSection
EndGlobal
